
Microsoft Visual Studio Solution File, Format Version 11.00
# Visual Studio 2010
Project("{E24C65DC-7377-472B-9ABA-BC803B73C61A}") = "HelloWorld", ".", "{CE0DB968-698D-4EAE-B5E3-E32F394D57AE}"
	ProjectSection(WebsiteProperties) = preProject
		TargetFrameworkMoniker = ".NETFramework,Version%3Dv4.0"
		Debug.AspNetCompiler.VirtualPath = "/HelloWorld"
		Debug.AspNetCompiler.PhysicalPath = "..\HelloWorld\"
		Debug.AspNetCompiler.TargetPath = "PrecompiledWeb\HelloWorld\"
		Debug.AspNetCompiler.Updateable = "true"
		Debug.AspNetCompiler.ForceOverwrite = "true"
		Debug.AspNetCompiler.FixedNames = "false"
		Debug.AspNetCompiler.Debug = "True"
		Release.AspNetCompiler.VirtualPath = "/HelloWorld"
		Release.AspNetCompiler.PhysicalPath = "..\HelloWorld\"
		Release.AspNetCompiler.TargetPath = "PrecompiledWeb\HelloWorld\"
		Release.AspNetCompiler.Updateable = "true"
		Release.AspNetCompiler.ForceOverwrite = "true"
		Release.AspNetCompiler.FixedNames = "false"
		Release.AspNetCompiler.Debug = "False"
		VWDPort = "53055"
	EndProjectSection
EndProject
Global
	GlobalSection(SolutionConfigurationPlatforms) = preSolution
		Debug|Any CPU = Debug|Any CPU
	EndGlobalSection
	GlobalSection(ProjectConfigurationPlatforms) = postSolution
		{CE0DB968-698D-4EAE-B5E3-E32F394D57AE}.Debug|Any CPU.ActiveCfg = Debug|Any CPU
		{CE0DB968-698D-4EAE-B5E3-E32F394D57AE}.Debug|Any CPU.Build.0 = Debug|Any CPU
	EndGlobalSection
	GlobalSection(SolutionProperties) = preSolution
		HideSolutionNode = FALSE
	EndGlobalSection
EndGlobal
